Microsoft Visual Studio Solution File, Format Version 12.00
# Visual Studio Version 17
VisualStudioVersion = 17.5.2.0
MinimumVisualStudioVersion = 10.0.40219.1
Project("{FAE04EC0-301F-11D3-BF4B-00C04F79EFBC}") = "GalleryNestApp", "GalleryNestApp.csproj", "{648E5C3C-493E-E9CF-B855-68B292F9CED7}"
EndProject
Global
	GlobalSection(SolutionConfigurationPlatforms) = preSolution
		Debug|Any CPU = Debug|Any CPU
		Release|Any CPU = Release|Any CPU
	EndGlobalSection
	GlobalSection(ProjectConfigurationPlatforms) = postSolution
		{648E5C3C-493E-E9CF-B855-68B292F9CED7}.Debug|Any CPU.ActiveCfg = Debug|Any CPU
		{648E5C3C-493E-E9CF-B855-68B292F9CED7}.Debug|Any CPU.Build.0 = Debug|Any CPU
		{648E5C3C-493E-E9CF-B855-68B292F9CED7}.Release|Any CPU.ActiveCfg = Release|Any CPU
		{648E5C3C-493E-E9CF-B855-68B292F9CED7}.Release|Any CPU.Build.0 = Release|Any CPU
	EndGlobalSection
	GlobalSection(SolutionProperties) = preSolution
		HideSolutionNode = FALSE
	EndGlobalSection
	GlobalSection(ExtensibilityGlobals) = postSolution
		SolutionGuid = {2D106A25-C799-41BD-A4A7-0E71333A373A}
	EndGlobalSection
EndGlobal
